PODS:
  - Flutter (1.0.0)
  - flutter_ringtone_player_plus (0.1.0):
    - Flutter
  - integration_test (0.0.1):
    - Flutter

DEPENDENCIES:
  - Flutter (from `Flutter`)
  - flutter_ringtone_player_plus (from `.symlinks/plugins/flutter_ringtone_player_plus/ios`)
  - integration_test (from `.symlinks/plugins/integration_test/ios`)

EXTERNAL SOURCES:
  Flutter:
    :path: Flutter
  flutter_ringtone_player_plus:
    :path: ".symlinks/plugins/flutter_ringtone_player_plus/ios"
  integration_test:
    :path: ".symlinks/plugins/integration_test/ios"

SPEC CHECKSUMS:
  Flutter: 71a624a5bc0c04062bf19101d501e466baf2fb47
  flutter_ringtone_player_plus: d44fec66405ab903197ecc92e75b2e6ce656e387
  integration_test: 4a889634ef21a45d28d50d622cf412dc6d9f586e

PODFILE CHECKSUM: 3ba3a73b1b12adcf321a227a745625fe0888cc82

COCOAPODS: 1.16.2
